
Microsoft Visual Studio Solution File, Format Version 12.00
# Visual Studio Version 17
VisualStudioVersion = 17.4.33213.308
MinimumVisualStudioVersion = 10.0.40219.1
Project("{FAE04EC0-301F-11D3-BF4B-00C04F79EFBC}") = "module16_pr", "module16_pr.csproj", "{F7AF8C1E-E254-4170-8F2B-C2FFDEEDCB20}"
EndProject
Global
	GlobalSection(SolutionConfigurationPlatforms) = preSolution
		Debug|Any CPU = Debug|Any CPU
		Release|Any CPU = Release|Any CPU
	EndGlobalSection
	GlobalSection(ProjectConfigurationPlatforms) = postSolution
		{F7AF8C1E-E254-4170-8F2B-C2FFDEEDCB20}.Debug|Any CPU.ActiveCfg = Debug|Any CPU
		{F7AF8C1E-E254-4170-8F2B-C2FFDEEDCB20}.Debug|Any CPU.Build.0 = Debug|Any CPU
		{F7AF8C1E-E254-4170-8F2B-C2FFDEEDCB20}.Release|Any CPU.ActiveCfg = Release|Any CPU
		{F7AF8C1E-E254-4170-8F2B-C2FFDEEDCB20}.Release|Any CPU.Build.0 = Release|Any CPU
	EndGlobalSection
	GlobalSection(SolutionProperties) = preSolution
		HideSolutionNode = FALSE
	EndGlobalSection
	GlobalSection(ExtensibilityGlobals) = postSolution
		SolutionGuid = {2CDF02E3-4B17-453E-9486-23FC38E9C57F}
	EndGlobalSection
EndGlobal
